
Microsoft Visual Studio Solution File, Format Version 12.00
# Visual Studio Version 16
VisualStudioVersion = 16.0.30717.126
MinimumVisualStudioVersion = 10.0.40219.1
Project("{FAE04EC0-301F-11D3-BF4B-00C04F79EFBC}") = "QN_Make", "QN_Make\QN_Make.csproj", "{3A52E0A6-2EB7-400D-891F-DF258C1160F4}"
EndProject
Project("{54435603-DBB4-11D2-8724-00A0C9A8B90C}") = "QNMAKETXinstall", "QNMAKETXinstall\QNMAKETXinstall.vdproj", "{9A5869BF-F59D-40C2-B235-6441474D457A}"
EndProject
Project("{FAE04EC0-301F-11D3-BF4B-00C04F79EFBC}") = "envset", "envset\envset.csproj", "{0BAEDAAE-1070-44DB-8D9B-B92E43535176}"
EndProject
Project("{FAE04EC0-301F-11D3-BF4B-00C04F79EFBC}") = "MayaAnimaExportTools", "MayaAnimaExportTools\MayaAnimaExportTools.csproj", "{D9C00CF5-5A1E-441B-9291-BC278BC88849}"
EndProject
Project("{FAE04EC0-301F-11D3-BF4B-00C04F79EFBC}") = "install", "Test\install.csproj", "{5FD372D2-3020-4E55-96E9-ED997F3C07B2}"
EndProject
Project("{FAE04EC0-301F-11D3-BF4B-00C04F79EFBC}") = "QNAssetView", "QNAssetView\QNAssetView.csproj", "{04513F62-B58A-4F97-A89A-7C153914EAF7}"
EndProject
Project("{9A19103F-16F7-4668-BE54-9A1E7A4F7556}") = "AutoConvertAss", "AutoConvertAss\AutoConvertAss.csproj", "{D85BC1B7-B690-4A93-B89E-18F132BD24DC}"
EndProject
Project("{9A19103F-16F7-4668-BE54-9A1E7A4F7556}") = "AnimsPush", "AnimsPush\AnimsPush.csproj", "{B4D7FF44-F3CD-4C40-90B3-7342092B1DD7}"
EndProject
Project("{9A19103F-16F7-4668-BE54-9A1E7A4F7556}") = "sync", "sync\sync.csproj", "{93E08309-7AF2-4643-8D12-CC15C5C6F10E}"
EndProject
Project("{FAE04EC0-301F-11D3-BF4B-00C04F79EFBC}") = "QNSyncApp", "QNSyncApp\QNSyncApp.csproj", "{CD91F55B-4269-4DE5-B219-3D4F53796E2B}"
EndProject
Project("{FAE04EC0-301F-11D3-BF4B-00C04F79EFBC}") = "QNSyncServer", "QNSyncServer\QNSyncServer.csproj", "{FE6F6368-DAC2-4A52-8551-65DBEE67825D}"
EndProject
Project("{FAE04EC0-301F-11D3-BF4B-00C04F79EFBC}") = "QNSyncServerGUI", "QNSyncServerGUI\QNSyncServerGUI.csproj", "{C9BE609B-4C9E-4932-AF0E-38969B290BE8}"
EndProject
Global
	GlobalSection(SolutionConfigurationPlatforms) = preSolution
		Debug|Any CPU = Debug|Any CPU
		Debug|x64 = Debug|x64
		Debug|x86 = Debug|x86
		Release|Any CPU = Release|Any CPU
		Release|x64 = Release|x64
		Release|x86 = Release|x86
	EndGlobalSection
	GlobalSection(ProjectConfigurationPlatforms) = postSolution
		{3A52E0A6-2EB7-400D-891F-DF258C1160F4}.Debug|Any CPU.ActiveCfg = Debug|Any CPU
		{3A52E0A6-2EB7-400D-891F-DF258C1160F4}.Debug|Any CPU.Build.0 = Debug|Any CPU
		{3A52E0A6-2EB7-400D-891F-DF258C1160F4}.Debug|x64.ActiveCfg = Debug|Any CPU
		{3A52E0A6-2EB7-400D-891F-DF258C1160F4}.Debug|x64.Build.0 = Debug|Any CPU
		{3A52E0A6-2EB7-400D-891F-DF258C1160F4}.Debug|x86.ActiveCfg = Debug|Any CPU
		{3A52E0A6-2EB7-400D-891F-DF258C1160F4}.Debug|x86.Build.0 = Debug|Any CPU
		{3A52E0A6-2EB7-400D-891F-DF258C1160F4}.Release|Any CPU.ActiveCfg = Release|Any CPU
		{3A52E0A6-2EB7-400D-891F-DF258C1160F4}.Release|Any CPU.Build.0 = Release|Any CPU
		{3A52E0A6-2EB7-400D-891F-DF258C1160F4}.Release|x64.ActiveCfg = Release|Any CPU
		{3A52E0A6-2EB7-400D-891F-DF258C1160F4}.Release|x64.Build.0 = Release|Any CPU
		{3A52E0A6-2EB7-400D-891F-DF258C1160F4}.Release|x86.ActiveCfg = Release|Any CPU
		{3A52E0A6-2EB7-400D-891F-DF258C1160F4}.Release|x86.Build.0 = Release|Any CPU
		{9A5869BF-F59D-40C2-B235-6441474D457A}.Debug|Any CPU.ActiveCfg = Debug
		{9A5869BF-F59D-40C2-B235-6441474D457A}.Debug|x64.ActiveCfg = Debug
		{9A5869BF-F59D-40C2-B235-6441474D457A}.Debug|x86.ActiveCfg = Debug
		{9A5869BF-F59D-40C2-B235-6441474D457A}.Release|Any CPU.ActiveCfg = Release
		{9A5869BF-F59D-40C2-B235-6441474D457A}.Release|x64.ActiveCfg = Release
		{9A5869BF-F59D-40C2-B235-6441474D457A}.Release|x86.ActiveCfg = Release
		{0BAEDAAE-1070-44DB-8D9B-B92E43535176}.Debug|Any CPU.ActiveCfg = Debug|Any CPU
		{0BAEDAAE-1070-44DB-8D9B-B92E43535176}.Debug|Any CPU.Build.0 = Debug|Any CPU
		{0BAEDAAE-1070-44DB-8D9B-B92E43535176}.Debug|x64.ActiveCfg = Debug|Any CPU
		{0BAEDAAE-1070-44DB-8D9B-B92E43535176}.Debug|x64.Build.0 = Debug|Any CPU
		{0BAEDAAE-1070-44DB-8D9B-B92E43535176}.Debug|x86.ActiveCfg = Debug|Any CPU
		{0BAEDAAE-1070-44DB-8D9B-B92E43535176}.Debug|x86.Build.0 = Debug|Any CPU
		{0BAEDAAE-1070-44DB-8D9B-B92E43535176}.Release|Any CPU.ActiveCfg = Release|Any CPU
		{0BAEDAAE-1070-44DB-8D9B-B92E43535176}.Release|Any CPU.Build.0 = Release|Any CPU
		{0BAEDAAE-1070-44DB-8D9B-B92E43535176}.Release|x64.ActiveCfg = Release|Any CPU
		{0BAEDAAE-1070-44DB-8D9B-B92E43535176}.Release|x64.Build.0 = Release|Any CPU
		{0BAEDAAE-1070-44DB-8D9B-B92E43535176}.Release|x86.ActiveCfg = Release|Any CPU
		{0BAEDAAE-1070-44DB-8D9B-B92E43535176}.Release|x86.Build.0 = Release|Any CPU
		{D9C00CF5-5A1E-441B-9291-BC278BC88849}.Debug|Any CPU.ActiveCfg = Debug|Any CPU
		{D9C00CF5-5A1E-441B-9291-BC278BC88849}.Debug|Any CPU.Build.0 = Debug|Any CPU
		{D9C00CF5-5A1E-441B-9291-BC278BC88849}.Debug|x64.ActiveCfg = Debug|Any CPU
		{D9C00CF5-5A1E-441B-9291-BC278BC88849}.Debug|x64.Build.0 = Debug|Any CPU
		{D9C00CF5-5A1E-441B-9291-BC278BC88849}.Debug|x86.ActiveCfg = Debug|Any CPU
		{D9C00CF5-5A1E-441B-9291-BC278BC88849}.Debug|x86.Build.0 = Debug|Any CPU
		{D9C00CF5-5A1E-441B-9291-BC278BC88849}.Release|Any CPU.ActiveCfg = Release|Any CPU
		{D9C00CF5-5A1E-441B-9291-BC278BC88849}.Release|Any CPU.Build.0 = Release|Any CPU
		{D9C00CF5-5A1E-441B-9291-BC278BC88849}.Release|x64.ActiveCfg = Release|Any CPU
		{D9C00CF5-5A1E-441B-9291-BC278BC88849}.Release|x64.Build.0 = Release|Any CPU
		{D9C00CF5-5A1E-441B-9291-BC278BC88849}.Release|x86.ActiveCfg = Release|Any CPU
		{D9C00CF5-5A1E-441B-9291-BC278BC88849}.Release|x86.Build.0 = Release|Any CPU
		{5FD372D2-3020-4E55-96E9-ED997F3C07B2}.Debug|Any CPU.ActiveCfg = Debug|Any CPU
		{5FD372D2-3020-4E55-96E9-ED997F3C07B2}.Debug|Any CPU.Build.0 = Debug|Any CPU
		{5FD372D2-3020-4E55-96E9-ED997F3C07B2}.Debug|x64.ActiveCfg = Debug|Any CPU
		{5FD372D2-3020-4E55-96E9-ED997F3C07B2}.Debug|x64.Build.0 = Debug|Any CPU
		{5FD372D2-3020-4E55-96E9-ED997F3C07B2}.Debug|x86.ActiveCfg = Debug|Any CPU
		{5FD372D2-3020-4E55-96E9-ED997F3C07B2}.Debug|x86.Build.0 = Debug|Any CPU
		{5FD372D2-3020-4E55-96E9-ED997F3C07B2}.Release|Any CPU.ActiveCfg = Release|Any CPU
		{5FD372D2-3020-4E55-96E9-ED997F3C07B2}.Release|Any CPU.Build.0 = Release|Any CPU
		{5FD372D2-3020-4E55-96E9-ED997F3C07B2}.Release|x64.ActiveCfg = Release|Any CPU
		{5FD372D2-3020-4E55-96E9-ED997F3C07B2}.Release|x64.Build.0 = Release|Any CPU
		{5FD372D2-3020-4E55-96E9-ED997F3C07B2}.Release|x86.ActiveCfg = Release|Any CPU
		{5FD372D2-3020-4E55-96E9-ED997F3C07B2}.Release|x86.Build.0 = Release|Any CPU
		{04513F62-B58A-4F97-A89A-7C153914EAF7}.Debug|Any CPU.ActiveCfg = Debug|Any CPU
		{04513F62-B58A-4F97-A89A-7C153914EAF7}.Debug|Any CPU.Build.0 = Debug|Any CPU
		{04513F62-B58A-4F97-A89A-7C153914EAF7}.Debug|x64.ActiveCfg = Debug|Any CPU
		{04513F62-B58A-4F97-A89A-7C153914EAF7}.Debug|x64.Build.0 = Debug|Any CPU
		{04513F62-B58A-4F97-A89A-7C153914EAF7}.Debug|x86.ActiveCfg = Debug|Any CPU
		{04513F62-B58A-4F97-A89A-7C153914EAF7}.Debug|x86.Build.0 = Debug|Any CPU
		{04513F62-B58A-4F97-A89A-7C153914EAF7}.Release|Any CPU.ActiveCfg = Release|Any CPU
		{04513F62-B58A-4F97-A89A-7C153914EAF7}.Release|Any CPU.Build.0 = Release|Any CPU
		{04513F62-B58A-4F97-A89A-7C153914EAF7}.Release|x64.ActiveCfg = Release|Any CPU
		{04513F62-B58A-4F97-A89A-7C153914EAF7}.Release|x64.Build.0 = Release|Any CPU
		{04513F62-B58A-4F97-A89A-7C153914EAF7}.Release|x86.ActiveCfg = Release|Any CPU
		{04513F62-B58A-4F97-A89A-7C153914EAF7}.Release|x86.Build.0 = Release|Any CPU
		{D85BC1B7-B690-4A93-B89E-18F132BD24DC}.Debug|Any CPU.ActiveCfg = Debug|Any CPU
		{D85BC1B7-B690-4A93-B89E-18F132BD24DC}.Debug|Any CPU.Build.0 = Debug|Any CPU
		{D85BC1B7-B690-4A93-B89E-18F132BD24DC}.Debug|x64.ActiveCfg = Debug|Any CPU
		{D85BC1B7-B690-4A93-B89E-18F132BD24DC}.Debug|x64.Build.0 = Debug|Any CPU
		{D85BC1B7-B690-4A93-B89E-18F132BD24DC}.Debug|x86.ActiveCfg = Debug|Any CPU
		{D85BC1B7-B690-4A93-B89E-18F132BD24DC}.Debug|x86.Build.0 = Debug|Any CPU
		{D85BC1B7-B690-4A93-B89E-18F132BD24DC}.Release|Any CPU.ActiveCfg = Release|Any CPU
		{D85BC1B7-B690-4A93-B89E-18F132BD24DC}.Release|Any CPU.Build.0 = Release|Any CPU
		{D85BC1B7-B690-4A93-B89E-18F132BD24DC}.Release|x64.ActiveCfg = Release|Any CPU
		{D85BC1B7-B690-4A93-B89E-18F132BD24DC}.Release|x64.Build.0 = Release|Any CPU
		{D85BC1B7-B690-4A93-B89E-18F132BD24DC}.Release|x86.ActiveCfg = Release|Any CPU
		{D85BC1B7-B690-4A93-B89E-18F132BD24DC}.Release|x86.Build.0 = Release|Any CPU
		{B4D7FF44-F3CD-4C40-90B3-7342092B1DD7}.Debug|Any CPU.ActiveCfg = Debug|Any CPU
		{B4D7FF44-F3CD-4C40-90B3-7342092B1DD7}.Debug|Any CPU.Build.0 = Debug|Any CPU
		{B4D7FF44-F3CD-4C40-90B3-7342092B1DD7}.Debug|x64.ActiveCfg = Debug|Any CPU
		{B4D7FF44-F3CD-4C40-90B3-7342092B1DD7}.Debug|x64.Build.0 = Debug|Any CPU
		{B4D7FF44-F3CD-4C40-90B3-7342092B1DD7}.Debug|x86.ActiveCfg = Debug|Any CPU
		{B4D7FF44-F3CD-4C40-90B3-7342092B1DD7}.Debug|x86.Build.0 = Debug|Any CPU
		{B4D7FF44-F3CD-4C40-90B3-7342092B1DD7}.Release|Any CPU.ActiveCfg = Release|Any CPU
		{B4D7FF44-F3CD-4C40-90B3-7342092B1DD7}.Release|Any CPU.Build.0 = Release|Any CPU
		{B4D7FF44-F3CD-4C40-90B3-7342092B1DD7}.Release|x64.ActiveCfg = Release|Any CPU
		{B4D7FF44-F3CD-4C40-90B3-7342092B1DD7}.Release|x64.Build.0 = Release|Any CPU
		{B4D7FF44-F3CD-4C40-90B3-7342092B1DD7}.Release|x86.ActiveCfg = Release|Any CPU
		{B4D7FF44-F3CD-4C40-90B3-7342092B1DD7}.Release|x86.Build.0 = Release|Any CPU
		{93E08309-7AF2-4643-8D12-CC15C5C6F10E}.Debug|Any CPU.ActiveCfg = Debug|Any CPU
		{93E08309-7AF2-4643-8D12-CC15C5C6F10E}.Debug|Any CPU.Build.0 = Debug|Any CPU
		{93E08309-7AF2-4643-8D12-CC15C5C6F10E}.Debug|x64.ActiveCfg = Debug|Any CPU
		{93E08309-7AF2-4643-8D12-CC15C5C6F10E}.Debug|x64.Build.0 = Debug|Any CPU
		{93E08309-7AF2-4643-8D12-CC15C5C6F10E}.Debug|x86.ActiveCfg = Debug|Any CPU
		{93E08309-7AF2-4643-8D12-CC15C5C6F10E}.Debug|x86.Build.0 = Debug|Any CPU
		{93E08309-7AF2-4643-8D12-CC15C5C6F10E}.Release|Any CPU.ActiveCfg = Release|Any CPU
		{93E08309-7AF2-4643-8D12-CC15C5C6F10E}.Release|Any CPU.Build.0 = Release|Any CPU
		{93E08309-7AF2-4643-8D12-CC15C5C6F10E}.Release|x64.ActiveCfg = Release|Any CPU
		{93E08309-7AF2-4643-8D12-CC15C5C6F10E}.Release|x64.Build.0 = Release|Any CPU
		{93E08309-7AF2-4643-8D12-CC15C5C6F10E}.Release|x86.ActiveCfg = Release|Any CPU
		{93E08309-7AF2-4643-8D12-CC15C5C6F10E}.Release|x86.Build.0 = Release|Any CPU
		{CD91F55B-4269-4DE5-B219-3D4F53796E2B}.Debug|Any CPU.ActiveCfg = Debug|Any CPU
		{CD91F55B-4269-4DE5-B219-3D4F53796E2B}.Debug|Any CPU.Build.0 = Debug|Any CPU
		{CD91F55B-4269-4DE5-B219-3D4F53796E2B}.Debug|x64.ActiveCfg = Debug|Any CPU
		{CD91F55B-4269-4DE5-B219-3D4F53796E2B}.Debug|x64.Build.0 = Debug|Any CPU
		{CD91F55B-4269-4DE5-B219-3D4F53796E2B}.Debug|x86.ActiveCfg = Debug|Any CPU
		{CD91F55B-4269-4DE5-B219-3D4F53796E2B}.Debug|x86.Build.0 = Debug|Any CPU
		{CD91F55B-4269-4DE5-B219-3D4F53796E2B}.Release|Any CPU.ActiveCfg = Release|Any CPU
		{CD91F55B-4269-4DE5-B219-3D4F53796E2B}.Release|Any CPU.Build.0 = Release|Any CPU
		{CD91F55B-4269-4DE5-B219-3D4F53796E2B}.Release|x64.ActiveCfg = Release|Any CPU
		{CD91F55B-4269-4DE5-B219-3D4F53796E2B}.Release|x64.Build.0 = Release|Any CPU
		{CD91F55B-4269-4DE5-B219-3D4F53796E2B}.Release|x86.ActiveCfg = Release|Any CPU
		{CD91F55B-4269-4DE5-B219-3D4F53796E2B}.Release|x86.Build.0 = Release|Any CPU
		{FE6F6368-DAC2-4A52-8551-65DBEE67825D}.Debug|Any CPU.ActiveCfg = Debug|Any CPU
		{FE6F6368-DAC2-4A52-8551-65DBEE67825D}.Debug|Any CPU.Build.0 = Debug|Any CPU
		{FE6F6368-DAC2-4A52-8551-65DBEE67825D}.Debug|x64.ActiveCfg = Debug|Any CPU
		{FE6F6368-DAC2-4A52-8551-65DBEE67825D}.Debug|x64.Build.0 = Debug|Any CPU
		{FE6F6368-DAC2-4A52-8551-65DBEE67825D}.Debug|x86.ActiveCfg = Debug|Any CPU
		{FE6F6368-DAC2-4A52-8551-65DBEE67825D}.Debug|x86.Build.0 = Debug|Any CPU
		{FE6F6368-DAC2-4A52-8551-65DBEE67825D}.Release|Any CPU.ActiveCfg = Release|Any CPU
		{FE6F6368-DAC2-4A52-8551-65DBEE67825D}.Release|Any CPU.Build.0 = Release|Any CPU
		{FE6F6368-DAC2-4A52-8551-65DBEE67825D}.Release|x64.ActiveCfg = Release|Any CPU
		{FE6F6368-DAC2-4A52-8551-65DBEE67825D}.Release|x64.Build.0 = Release|Any CPU
		{FE6F6368-DAC2-4A52-8551-65DBEE67825D}.Release|x86.ActiveCfg = Release|Any CPU
		{FE6F6368-DAC2-4A52-8551-65DBEE67825D}.Release|x86.Build.0 = Release|Any CPU
		{C9BE609B-4C9E-4932-AF0E-38969B290BE8}.Debug|Any CPU.ActiveCfg = Debug|Any CPU
		{C9BE609B-4C9E-4932-AF0E-38969B290BE8}.Debug|Any CPU.Build.0 = Debug|Any CPU
		{C9BE609B-4C9E-4932-AF0E-38969B290BE8}.Debug|x64.ActiveCfg = Debug|Any CPU
		{C9BE609B-4C9E-4932-AF0E-38969B290BE8}.Debug|x64.Build.0 = Debug|Any CPU
		{C9BE609B-4C9E-4932-AF0E-38969B290BE8}.Debug|x86.ActiveCfg = Debug|Any CPU
		{C9BE609B-4C9E-4932-AF0E-38969B290BE8}.Debug|x86.Build.0 = Debug|Any CPU
		{C9BE609B-4C9E-4932-AF0E-38969B290BE8}.Release|Any CPU.ActiveCfg = Release|Any CPU
		{C9BE609B-4C9E-4932-AF0E-38969B290BE8}.Release|Any CPU.Build.0 = Release|Any CPU
		{C9BE609B-4C9E-4932-AF0E-38969B290BE8}.Release|x64.ActiveCfg = Release|Any CPU
		{C9BE609B-4C9E-4932-AF0E-38969B290BE8}.Release|x64.Build.0 = Release|Any CPU
		{C9BE609B-4C9E-4932-AF0E-38969B290BE8}.Release|x86.ActiveCfg = Release|Any CPU
		{C9BE609B-4C9E-4932-AF0E-38969B290BE8}.Release|x86.Build.0 = Release|Any CPU
	EndGlobalSection
	GlobalSection(SolutionProperties) = preSolution
		HideSolutionNode = FALSE
	EndGlobalSection
	GlobalSection(ExtensibilityGlobals) = postSolution
		SolutionGuid = {F975AFFF-240B-4A46-8331-F7F48DC7EE5B}
	EndGlobalSection
EndGlobal
