
Microsoft Visual Studio Solution File, Format Version 12.00
# Visual Studio Version 17
VisualStudioVersion = 17.2.32602.215
MinimumVisualStudioVersion = 10.0.40219.1
Project("{FAE04EC0-301F-11D3-BF4B-00C04F79EFBC}") = "install", "install\install.csproj", "{D4D52BA7-D52B-4C91-9C11-7B82CADD1730}"
EndProject
Project("{9A19103F-16F7-4668-BE54-9A1E7A4F7556}") = "updataasset", "updataasset\updataasset.csproj", "{F9E65E24-8851-425E-AFEF-9019C0AD6840}"
EndProject
Project("{9A19103F-16F7-4668-BE54-9A1E7A4F7556}") = "updatescene", "updatescene\updatescene.csproj", "{D2CB4DBA-8EE0-46AE-81CB-36DE69399BFE}"
EndProject
Global
	GlobalSection(SolutionConfigurationPlatforms) = preSolution
		Debug|Any CPU = Debug|Any CPU
		Release|Any CPU = Release|Any CPU
	EndGlobalSection
	GlobalSection(ProjectConfigurationPlatforms) = postSolution
		{D4D52BA7-D52B-4C91-9C11-7B82CADD1730}.Debug|Any CPU.ActiveCfg = Debug|Any CPU
		{D4D52BA7-D52B-4C91-9C11-7B82CADD1730}.Debug|Any CPU.Build.0 = Debug|Any CPU
		{D4D52BA7-D52B-4C91-9C11-7B82CADD1730}.Release|Any CPU.ActiveCfg = Release|Any CPU
		{D4D52BA7-D52B-4C91-9C11-7B82CADD1730}.Release|Any CPU.Build.0 = Release|Any CPU
		{F9E65E24-8851-425E-AFEF-9019C0AD6840}.Debug|Any CPU.ActiveCfg = Debug|Any CPU
		{F9E65E24-8851-425E-AFEF-9019C0AD6840}.Debug|Any CPU.Build.0 = Debug|Any CPU
		{F9E65E24-8851-425E-AFEF-9019C0AD6840}.Release|Any CPU.ActiveCfg = Release|Any CPU
		{F9E65E24-8851-425E-AFEF-9019C0AD6840}.Release|Any CPU.Build.0 = Release|Any CPU
		{D2CB4DBA-8EE0-46AE-81CB-36DE69399BFE}.Debug|Any CPU.ActiveCfg = Debug|Any CPU
		{D2CB4DBA-8EE0-46AE-81CB-36DE69399BFE}.Debug|Any CPU.Build.0 = Debug|Any CPU
		{D2CB4DBA-8EE0-46AE-81CB-36DE69399BFE}.Release|Any CPU.ActiveCfg = Release|Any CPU
		{D2CB4DBA-8EE0-46AE-81CB-36DE69399BFE}.Release|Any CPU.Build.0 = Release|Any CPU
	EndGlobalSection
	GlobalSection(SolutionProperties) = preSolution
		HideSolutionNode = FALSE
	EndGlobalSection
	GlobalSection(ExtensibilityGlobals) = postSolution
		SolutionGuid = {EB2E5813-AED3-4263-996D-CCFFBC5E629C}
	EndGlobalSection
EndGlobal
