
Microsoft Visual Studio Solution File, Format Version 12.00
# Visual Studio Version 17
VisualStudioVersion = 17.2.32602.215
MinimumVisualStudioVersion = 10.0.40219.1
Project("{9A19103F-16F7-4668-BE54-9A1E7A4F7556}") = "install", "install\install.csproj", "{D4D52BA7-D52B-4C91-9C11-7B82CADD1730}"
EndProject
Project("{9A19103F-16F7-4668-BE54-9A1E7A4F7556}") = "updataasset", "updataasset\updataasset.csproj", "{F9E65E24-8851-425E-AFEF-9019C0AD6840}"
EndProject
Project("{9A19103F-16F7-4668-BE54-9A1E7A4F7556}") = "updatescene", "updatescene\updatescene.csproj", "{D2CB4DBA-8EE0-46AE-81CB-36DE69399BFE}"
EndProject
Project("{9A19103F-16F7-4668-BE54-9A1E7A4F7556}") = "MayaTaskManager", "MayaTaskManager\MayaTaskManager.csproj", "{557B6C1B-C5B4-4584-A4C8-1BEB8BA6B84D}"
EndProject
Project("{9A19103F-16F7-4668-BE54-9A1E7A4F7556}") = "BackServer", "BackServer\BackServer.csproj", "{9BE8BD29-3312-4870-AD85-F4301B3EAAC3}"
EndProject
Global
	GlobalSection(SolutionConfigurationPlatforms) = preSolution
		Debug|Any CPU = Debug|Any CPU
		Debug|arm64 = Debug|arm64
		Debug|x64 = Debug|x64
		Debug|x86 = Debug|x86
		Release|Any CPU = Release|Any CPU
		Release|arm64 = Release|arm64
		Release|x64 = Release|x64
		Release|x86 = Release|x86
	EndGlobalSection
	GlobalSection(ProjectConfigurationPlatforms) = postSolution
		{D4D52BA7-D52B-4C91-9C11-7B82CADD1730}.Debug|Any CPU.ActiveCfg = Debug|Any CPU
		{D4D52BA7-D52B-4C91-9C11-7B82CADD1730}.Debug|Any CPU.Build.0 = Debug|Any CPU
		{D4D52BA7-D52B-4C91-9C11-7B82CADD1730}.Debug|arm64.ActiveCfg = Debug|Any CPU
		{D4D52BA7-D52B-4C91-9C11-7B82CADD1730}.Debug|arm64.Build.0 = Debug|Any CPU
		{D4D52BA7-D52B-4C91-9C11-7B82CADD1730}.Debug|x64.ActiveCfg = Debug|Any CPU
		{D4D52BA7-D52B-4C91-9C11-7B82CADD1730}.Debug|x64.Build.0 = Debug|Any CPU
		{D4D52BA7-D52B-4C91-9C11-7B82CADD1730}.Debug|x86.ActiveCfg = Debug|Any CPU
		{D4D52BA7-D52B-4C91-9C11-7B82CADD1730}.Debug|x86.Build.0 = Debug|Any CPU
		{D4D52BA7-D52B-4C91-9C11-7B82CADD1730}.Release|Any CPU.ActiveCfg = Release|Any CPU
		{D4D52BA7-D52B-4C91-9C11-7B82CADD1730}.Release|Any CPU.Build.0 = Release|Any CPU
		{D4D52BA7-D52B-4C91-9C11-7B82CADD1730}.Release|arm64.ActiveCfg = Release|Any CPU
		{D4D52BA7-D52B-4C91-9C11-7B82CADD1730}.Release|arm64.Build.0 = Release|Any CPU
		{D4D52BA7-D52B-4C91-9C11-7B82CADD1730}.Release|x64.ActiveCfg = Release|Any CPU
		{D4D52BA7-D52B-4C91-9C11-7B82CADD1730}.Release|x64.Build.0 = Release|Any CPU
		{D4D52BA7-D52B-4C91-9C11-7B82CADD1730}.Release|x86.ActiveCfg = Release|Any CPU
		{D4D52BA7-D52B-4C91-9C11-7B82CADD1730}.Release|x86.Build.0 = Release|Any CPU
		{F9E65E24-8851-425E-AFEF-9019C0AD6840}.Debug|Any CPU.ActiveCfg = Debug|Any CPU
		{F9E65E24-8851-425E-AFEF-9019C0AD6840}.Debug|Any CPU.Build.0 = Debug|Any CPU
		{F9E65E24-8851-425E-AFEF-9019C0AD6840}.Debug|arm64.ActiveCfg = Debug|Any CPU
		{F9E65E24-8851-425E-AFEF-9019C0AD6840}.Debug|arm64.Build.0 = Debug|Any CPU
		{F9E65E24-8851-425E-AFEF-9019C0AD6840}.Debug|x64.ActiveCfg = Debug|Any CPU
		{F9E65E24-8851-425E-AFEF-9019C0AD6840}.Debug|x64.Build.0 = Debug|Any CPU
		{F9E65E24-8851-425E-AFEF-9019C0AD6840}.Debug|x86.ActiveCfg = Debug|Any CPU
		{F9E65E24-8851-425E-AFEF-9019C0AD6840}.Debug|x86.Build.0 = Debug|Any CPU
		{F9E65E24-8851-425E-AFEF-9019C0AD6840}.Release|Any CPU.ActiveCfg = Release|Any CPU
		{F9E65E24-8851-425E-AFEF-9019C0AD6840}.Release|Any CPU.Build.0 = Release|Any CPU
		{F9E65E24-8851-425E-AFEF-9019C0AD6840}.Release|arm64.ActiveCfg = Release|Any CPU
		{F9E65E24-8851-425E-AFEF-9019C0AD6840}.Release|arm64.Build.0 = Release|Any CPU
		{F9E65E24-8851-425E-AFEF-9019C0AD6840}.Release|x64.ActiveCfg = Release|Any CPU
		{F9E65E24-8851-425E-AFEF-9019C0AD6840}.Release|x64.Build.0 = Release|Any CPU
		{F9E65E24-8851-425E-AFEF-9019C0AD6840}.Release|x86.ActiveCfg = Release|Any CPU
		{F9E65E24-8851-425E-AFEF-9019C0AD6840}.Release|x86.Build.0 = Release|Any CPU
		{D2CB4DBA-8EE0-46AE-81CB-36DE69399BFE}.Debug|Any CPU.ActiveCfg = Debug|Any CPU
		{D2CB4DBA-8EE0-46AE-81CB-36DE69399BFE}.Debug|Any CPU.Build.0 = Debug|Any CPU
		{D2CB4DBA-8EE0-46AE-81CB-36DE69399BFE}.Debug|arm64.ActiveCfg = Debug|Any CPU
		{D2CB4DBA-8EE0-46AE-81CB-36DE69399BFE}.Debug|arm64.Build.0 = Debug|Any CPU
		{D2CB4DBA-8EE0-46AE-81CB-36DE69399BFE}.Debug|x64.ActiveCfg = Debug|Any CPU
		{D2CB4DBA-8EE0-46AE-81CB-36DE69399BFE}.Debug|x64.Build.0 = Debug|Any CPU
		{D2CB4DBA-8EE0-46AE-81CB-36DE69399BFE}.Debug|x86.ActiveCfg = Debug|Any CPU
		{D2CB4DBA-8EE0-46AE-81CB-36DE69399BFE}.Debug|x86.Build.0 = Debug|Any CPU
		{D2CB4DBA-8EE0-46AE-81CB-36DE69399BFE}.Release|Any CPU.ActiveCfg = Release|Any CPU
		{D2CB4DBA-8EE0-46AE-81CB-36DE69399BFE}.Release|Any CPU.Build.0 = Release|Any CPU
		{D2CB4DBA-8EE0-46AE-81CB-36DE69399BFE}.Release|arm64.ActiveCfg = Release|Any CPU
		{D2CB4DBA-8EE0-46AE-81CB-36DE69399BFE}.Release|arm64.Build.0 = Release|Any CPU
		{D2CB4DBA-8EE0-46AE-81CB-36DE69399BFE}.Release|x64.ActiveCfg = Release|Any CPU
		{D2CB4DBA-8EE0-46AE-81CB-36DE69399BFE}.Release|x64.Build.0 = Release|Any CPU
		{D2CB4DBA-8EE0-46AE-81CB-36DE69399BFE}.Release|x86.ActiveCfg = Release|Any CPU
		{D2CB4DBA-8EE0-46AE-81CB-36DE69399BFE}.Release|x86.Build.0 = Release|Any CPU
		{557B6C1B-C5B4-4584-A4C8-1BEB8BA6B84D}.Debug|Any CPU.ActiveCfg = Debug|Any CPU
		{557B6C1B-C5B4-4584-A4C8-1BEB8BA6B84D}.Debug|Any CPU.Build.0 = Debug|Any CPU
		{557B6C1B-C5B4-4584-A4C8-1BEB8BA6B84D}.Debug|arm64.ActiveCfg = Debug|Any CPU
		{557B6C1B-C5B4-4584-A4C8-1BEB8BA6B84D}.Debug|arm64.Build.0 = Debug|Any CPU
		{557B6C1B-C5B4-4584-A4C8-1BEB8BA6B84D}.Debug|x64.ActiveCfg = Debug|Any CPU
		{557B6C1B-C5B4-4584-A4C8-1BEB8BA6B84D}.Debug|x64.Build.0 = Debug|Any CPU
		{557B6C1B-C5B4-4584-A4C8-1BEB8BA6B84D}.Debug|x86.ActiveCfg = Debug|Any CPU
		{557B6C1B-C5B4-4584-A4C8-1BEB8BA6B84D}.Debug|x86.Build.0 = Debug|Any CPU
		{557B6C1B-C5B4-4584-A4C8-1BEB8BA6B84D}.Release|Any CPU.ActiveCfg = Release|Any CPU
		{557B6C1B-C5B4-4584-A4C8-1BEB8BA6B84D}.Release|Any CPU.Build.0 = Release|Any CPU
		{557B6C1B-C5B4-4584-A4C8-1BEB8BA6B84D}.Release|arm64.ActiveCfg = Release|Any CPU
		{557B6C1B-C5B4-4584-A4C8-1BEB8BA6B84D}.Release|arm64.Build.0 = Release|Any CPU
		{557B6C1B-C5B4-4584-A4C8-1BEB8BA6B84D}.Release|x64.ActiveCfg = Release|Any CPU
		{557B6C1B-C5B4-4584-A4C8-1BEB8BA6B84D}.Release|x64.Build.0 = Release|Any CPU
		{557B6C1B-C5B4-4584-A4C8-1BEB8BA6B84D}.Release|x86.ActiveCfg = Release|Any CPU
		{557B6C1B-C5B4-4584-A4C8-1BEB8BA6B84D}.Release|x86.Build.0 = Release|Any CPU
		{9BE8BD29-3312-4870-AD85-F4301B3EAAC3}.Debug|Any CPU.ActiveCfg = Debug|Any CPU
		{9BE8BD29-3312-4870-AD85-F4301B3EAAC3}.Debug|Any CPU.Build.0 = Debug|Any CPU
		{9BE8BD29-3312-4870-AD85-F4301B3EAAC3}.Debug|arm64.ActiveCfg = Debug|Any CPU
		{9BE8BD29-3312-4870-AD85-F4301B3EAAC3}.Debug|arm64.Build.0 = Debug|Any CPU
		{9BE8BD29-3312-4870-AD85-F4301B3EAAC3}.Debug|x64.ActiveCfg = Debug|Any CPU
		{9BE8BD29-3312-4870-AD85-F4301B3EAAC3}.Debug|x64.Build.0 = Debug|Any CPU
		{9BE8BD29-3312-4870-AD85-F4301B3EAAC3}.Debug|x86.ActiveCfg = Debug|Any CPU
		{9BE8BD29-3312-4870-AD85-F4301B3EAAC3}.Debug|x86.Build.0 = Debug|Any CPU
		{9BE8BD29-3312-4870-AD85-F4301B3EAAC3}.Release|Any CPU.ActiveCfg = Release|Any CPU
		{9BE8BD29-3312-4870-AD85-F4301B3EAAC3}.Release|Any CPU.Build.0 = Release|Any CPU
		{9BE8BD29-3312-4870-AD85-F4301B3EAAC3}.Release|arm64.ActiveCfg = Release|Any CPU
		{9BE8BD29-3312-4870-AD85-F4301B3EAAC3}.Release|arm64.Build.0 = Release|Any CPU
		{9BE8BD29-3312-4870-AD85-F4301B3EAAC3}.Release|x64.ActiveCfg = Release|Any CPU
		{9BE8BD29-3312-4870-AD85-F4301B3EAAC3}.Release|x64.Build.0 = Release|Any CPU
		{9BE8BD29-3312-4870-AD85-F4301B3EAAC3}.Release|x86.ActiveCfg = Release|Any CPU
		{9BE8BD29-3312-4870-AD85-F4301B3EAAC3}.Release|x86.Build.0 = Release|Any CPU
	EndGlobalSection
	GlobalSection(SolutionProperties) = preSolution
		HideSolutionNode = FALSE
	EndGlobalSection
	GlobalSection(ExtensibilityGlobals) = postSolution
		SolutionGuid = {EB2E5813-AED3-4263-996D-CCFFBC5E629C}
	EndGlobalSection
EndGlobal
