
Microsoft Visual Studio Solution File, Format Version 12.00
# Visual Studio Version 16
VisualStudioVersion = 16.0.31911.196
MinimumVisualStudioVersion = 10.0.40219.1
Project("{8BC9CEB8-8B4A-11D0-8D11-00A0C91BC942}") = "ArnoldLightLinkOp", "ArnoldLightLinkOp\ArnoldLightLinkOp.vcxproj", "{44D78C80-6491-42BC-B3A0-FA4C31BCDD9F}"
EndProject
Project("{8BC9CEB8-8B4A-11D0-8D11-00A0C91BC942}") = "ScatterSphere", "ScatterSphere\ScatterSphere.vcxproj", "{1C5E43A0-DDF8-44A6-B7B6-D23D7D2B35D3}"
EndProject
Global
	GlobalSection(SolutionConfigurationPlatforms) = preSolution
		Debug|x64 = Debug|x64
		Debug|x86 = Debug|x86
		Release|x64 = Release|x64
		Release|x86 = Release|x86
	EndGlobalSection
	GlobalSection(ProjectConfigurationPlatforms) = postSolution
		{44D78C80-6491-42BC-B3A0-FA4C31BCDD9F}.Debug|x64.ActiveCfg = Debug|x64
		{44D78C80-6491-42BC-B3A0-FA4C31BCDD9F}.Debug|x64.Build.0 = Debug|x64
		{44D78C80-6491-42BC-B3A0-FA4C31BCDD9F}.Debug|x86.ActiveCfg = Debug|Win32
		{44D78C80-6491-42BC-B3A0-FA4C31BCDD9F}.Debug|x86.Build.0 = Debug|Win32
		{44D78C80-6491-42BC-B3A0-FA4C31BCDD9F}.Release|x64.ActiveCfg = Release|x64
		{44D78C80-6491-42BC-B3A0-FA4C31BCDD9F}.Release|x64.Build.0 = Release|x64
		{44D78C80-6491-42BC-B3A0-FA4C31BCDD9F}.Release|x86.ActiveCfg = Release|Win32
		{44D78C80-6491-42BC-B3A0-FA4C31BCDD9F}.Release|x86.Build.0 = Release|Win32
		{1C5E43A0-DDF8-44A6-B7B6-D23D7D2B35D3}.Debug|x64.ActiveCfg = Debug|x64
		{1C5E43A0-DDF8-44A6-B7B6-D23D7D2B35D3}.Debug|x64.Build.0 = Debug|x64
		{1C5E43A0-DDF8-44A6-B7B6-D23D7D2B35D3}.Debug|x86.ActiveCfg = Debug|Win32
		{1C5E43A0-DDF8-44A6-B7B6-D23D7D2B35D3}.Debug|x86.Build.0 = Debug|Win32
		{1C5E43A0-DDF8-44A6-B7B6-D23D7D2B35D3}.Release|x64.ActiveCfg = Release|x64
		{1C5E43A0-DDF8-44A6-B7B6-D23D7D2B35D3}.Release|x64.Build.0 = Release|x64
		{1C5E43A0-DDF8-44A6-B7B6-D23D7D2B35D3}.Release|x86.ActiveCfg = Release|Win32
		{1C5E43A0-DDF8-44A6-B7B6-D23D7D2B35D3}.Release|x86.Build.0 = Release|Win32
	EndGlobalSection
	GlobalSection(SolutionProperties) = preSolution
		HideSolutionNode = FALSE
	EndGlobalSection
	GlobalSection(ExtensibilityGlobals) = postSolution
		SolutionGuid = {1E111EEB-F926-42DC-8797-54AC48D61B2D}
	EndGlobalSection
EndGlobal
